
Microsoft Visual Studio Solution File, Format Version 12.00
# Visual Studio Version 17
VisualStudioVersion = 17.4.33205.214
MinimumVisualStudioVersion = 10.0.40219.1
Project("{FAE04EC0-301F-11D3-BF4B-00C04F79EFBC}") = "WebApplication1", "WebApplication1\WebApplication1.csproj", "{D5E2E14D-1202-4B17-BB9C-0BE95213BBDA}"
EndProject
Global
	GlobalSection(SolutionConfigurationPlatforms) = preSolution
		Debug|Any CPU = Debug|Any CPU
		Release|Any CPU = Release|Any CPU
	EndGlobalSection
	GlobalSection(ProjectConfigurationPlatforms) = postSolution
		{D5E2E14D-1202-4B17-BB9C-0BE95213BBDA}.Debug|Any CPU.ActiveCfg = Debug|Any CPU
		{D5E2E14D-1202-4B17-BB9C-0BE95213BBDA}.Debug|Any CPU.Build.0 = Debug|Any CPU
		{D5E2E14D-1202-4B17-BB9C-0BE95213BBDA}.Release|Any CPU.ActiveCfg = Release|Any CPU
		{D5E2E14D-1202-4B17-BB9C-0BE95213BBDA}.Release|Any CPU.Build.0 = Release|Any CPU
	EndGlobalSection
	GlobalSection(SolutionProperties) = preSolution
		HideSolutionNode = FALSE
	EndGlobalSection
	GlobalSection(ExtensibilityGlobals) = postSolution
		SolutionGuid = {32875485-2E02-4CEF-8CC7-A1E6D81A15E9}
	EndGlobalSection
EndGlobal
